// !$*UTF8*$!
{
	archiveVersion = 1;
	classes = {
	};
	objectVersion = 46;
	objects = {

/* Begin PBXBuildFile section */
		3FB5FECDD385CC0C0E29FE4F /* Pods_PostLand.framework in Frameworks */ = {isa = PBXBuildFile; fileRef = 72377552FBD2927D89F1EC52 /* Pods_PostLand.framework */; };
		843708B71E30AF220000B47B /* Post.swift in Sources */ = {isa = PBXBuildFile; fileRef = 843708B61E30AF220000B47B /* Post.swift */; };
		84D756C01E2A791D00D15091 /* ShadowFancyView.swift in Sources */ = {isa = PBXBuildFile; fileRef = 84D756BF1E2A791D00D15091 /* ShadowFancyView.swift */; };
		84D756C31E2A847F00D15091 /* Constants.swift in Sources */ = {isa = PBXBuildFile; fileRef = 84D756C21E2A847F00D15091 /* Constants.swift */; };
		84D756C51E2A8FEB00D15091 /* RoundButton.swift in Sources */ = {isa = PBXBuildFile; fileRef = 84D756C41E2A8FEB00D15091 /* RoundButton.swift */; };
		84F5EE921E2A39BD00765BA2 /* AppDelegate.swift in Sources */ = {isa = PBXBuildFile; fileRef = 84F5EE911E2A39BD00765BA2 /* AppDelegate.swift */; };
		84F5EE941E2A39BD00765BA2 /* SignInVC.swift in Sources */ = {isa = PBXBuildFile; fileRef = 84F5EE931E2A39BD00765BA2 /* SignInVC.swift */; };
		84F5EE971E2A39BD00765BA2 /* Main.storyboard in Resources */ = {isa = PBXBuildFile; fileRef = 84F5EE951E2A39BD00765BA2 /* Main.storyboard */; };
		84F5EE991E2A39BD00765BA2 /* Assets.xcassets in Resources */ = {isa = PBXBuildFile; fileRef = 84F5EE981E2A39BD00765BA2 /* Assets.xcassets */; };
		84F5EE9C1E2A39BD00765BA2 /* LaunchScreen.storyboard in Resources */ = {isa = PBXBuildFile; fileRef = 84F5EE9A1E2A39BD00765BA2 /* LaunchScreen.storyboard */; };
		84F5EEA41E2A39D400765BA2 /* GoogleService-Info.plist in Resources */ = {isa = PBXBuildFile; fileRef = 84F5EEA31E2A39D400765BA2 /* GoogleService-Info.plist */; };
		84F887181E2B4BF600B87723 /* FancyTextField.swift in Sources */ = {isa = PBXBuildFile; fileRef = 84F887171E2B4BF600B87723 /* FancyTextField.swift */; };
		84F8871A1E2B5BD300B87723 /* FancyButtonSignIn.swift in Sources */ = {isa = PBXBuildFile; fileRef = 84F887191E2B5BD300B87723 /* FancyButtonSignIn.swift */; };
		84FC79811E2CEBE6001B14ED /* FeedVC.swift in Sources */ = {isa = PBXBuildFile; fileRef = 84FC79801E2CEBE6001B14ED /* FeedVC.swift */; };
		84FC79831E2D3494001B14ED /* CircleImage.swift in Sources */ = {isa = PBXBuildFile; fileRef = 84FC79821E2D3494001B14ED /* CircleImage.swift */; };
		84FC79851E2D5725001B14ED /* customCell.swift in Sources */ = {isa = PBXBuildFile; fileRef = 84FC79841E2D5725001B14ED /* customCell.swift */; };
		84FC79881E2E17C3001B14ED /* DataService.swift in Sources */ = {isa = PBXBuildFile; fileRef = 84FC79871E2E17C3001B14ED /* DataService.swift */; };
/* End PBXBuildFile section */

/* Begin PBXFileReference section */
		5F1F2E824216D80CB52D9BDE /* Pods-PostLand.release.xcconfig */ = {isa = PBXFileReference; includeInIndex = 1; lastKnownFileType = text.xcconfig; name = "Pods-PostLand.release.xcconfig"; path = "Pods/Target Support Files/Pods-PostLand/Pods-PostLand.release.xcconfig"; sourceTree = "<group>"; };
		72377552FBD2927D89F1EC52 /* Pods_PostLand.framework */ = {isa = PBXFileReference; explicitFileType = wrapper.framework; includeInIndex = 0; path = Pods_PostLand.framework; sourceTree = BUILT_PRODUCTS_DIR; };
		843708B61E30AF220000B47B /* Post.swift */ = {isa = PBXFileReference; fileEncoding = 4; lastKnownFileType = sourcecode.swift; path = Post.swift; sourceTree = "<group>"; };
		84D756BF1E2A791D00D15091 /* ShadowFancyView.swift */ = {isa = PBXFileReference; fileEncoding = 4; lastKnownFileType = sourcecode.swift; path = ShadowFancyView.swift; sourceTree = "<group>"; };
		84D756C21E2A847F00D15091 /* Constants.swift */ = {isa = PBXFileReference; fileEncoding = 4; lastKnownFileType = sourcecode.swift; path = Constants.swift; sourceTree = "<group>"; };
		84D756C41E2A8FEB00D15091 /* RoundButton.swift */ = {isa = PBXFileReference; fileEncoding = 4; lastKnownFileType = sourcecode.swift; path = RoundButton.swift; sourceTree = "<group>"; };
		84F5EE8E1E2A39BD00765BA2 /* PostLand.app */ = {isa = PBXFileReference; explicitFileType = wrapper.application; includeInIndex = 0; path = PostLand.app; sourceTree = BUILT_PRODUCTS_DIR; };
		84F5EE911E2A39BD00765BA2 /* AppDelegate.swift */ = {isa = PBXFileReference; lastKnownFileType = sourcecode.swift; path = AppDelegate.swift; sourceTree = "<group>"; };
		84F5EE931E2A39BD00765BA2 /* SignInVC.swift */ = {isa = PBXFileReference; lastKnownFileType = sourcecode.swift; path = SignInVC.swift; sourceTree = "<group>"; };
		84F5EE961E2A39BD00765BA2 /* Base */ = {isa = PBXFileReference; lastKnownFileType = file.storyboard; name = Base; path = Base.lproj/Main.storyboard; sourceTree = "<group>"; };
		84F5EE981E2A39BD00765BA2 /* Assets.xcassets */ = {isa = PBXFileReference; lastKnownFileType = folder.assetcatalog; path = Assets.xcassets; sourceTree = "<group>"; };
		84F5EE9B1E2A39BD00765BA2 /* Base */ = {isa = PBXFileReference; lastKnownFileType = file.storyboard; name = Base; path = Base.lproj/LaunchScreen.storyboard; sourceTree = "<group>"; };
		84F5EE9D1E2A39BD00765BA2 /* Info.plist */ = {isa = PBXFileReference; lastKnownFileType = text.plist.xml; path = Info.plist; sourceTree = "<group>"; };
		84F5EEA31E2A39D400765BA2 /* GoogleService-Info.plist */ = {isa = PBXFileReference; fileEncoding = 4; lastKnownFileType = text.plist.xml; path = "GoogleService-Info.plist"; sourceTree = "<group>"; };
		84F887171E2B4BF600B87723 /* FancyTextField.swift */ = {isa = PBXFileReference; fileEncoding = 4; lastKnownFileType = sourcecode.swift; path = FancyTextField.swift; sourceTree = "<group>"; };
		84F887191E2B5BD300B87723 /* FancyButtonSignIn.swift */ = {isa = PBXFileReference; fileEncoding = 4; lastKnownFileType = sourcecode.swift; path = FancyButtonSignIn.swift; sourceTree = "<group>"; };
		84FC79801E2CEBE6001B14ED /* FeedVC.swift */ = {isa = PBXFileReference; fileEncoding = 4; lastKnownFileType = sourcecode.swift; path = FeedVC.swift; sourceTree = "<group>"; };
		84FC79821E2D3494001B14ED /* CircleImage.swift */ = {isa = PBXFileReference; fileEncoding = 4; lastKnownFileType = sourcecode.swift; path = CircleImage.swift; sourceTree = "<group>"; };
		84FC79841E2D5725001B14ED /* customCell.swift */ = {isa = PBXFileReference; fileEncoding = 4; lastKnownFileType = sourcecode.swift; path = customCell.swift; sourceTree = "<group>"; };
		84FC79871E2E17C3001B14ED /* DataService.swift */ = {isa = PBXFileReference; fileEncoding = 4; lastKnownFileType = sourcecode.swift; path = DataService.swift; sourceTree = "<group>"; };
		C56CC111ADE927BE13BB9F2E /* Pods-PostLand.debug.xcconfig */ = {isa = PBXFileReference; includeInIndex = 1; lastKnownFileType = text.xcconfig; name = "Pods-PostLand.debug.xcconfig"; path = "Pods/Target Support Files/Pods-PostLand/Pods-PostLand.debug.xcconfig"; sourceTree = "<group>"; };
/* End PBXFileReference section */

/* Begin PBXFrameworksBuildPhase section */
		84F5EE8B1E2A39BD00765BA2 /* Frameworks */ = {
			isa = PBXFrameworksBuildPhase;
			buildActionMask = 2147483647;
			files = (
				3FB5FECDD385CC0C0E29FE4F /* Pods_PostLand.framework in Frameworks */,
			);
			runOnlyForDeploymentPostprocessing = 0;
		};
/* End PBXFrameworksBuildPhase section */

/* Begin PBXGroup section */
		3E78C5470367447ECEDC37E7 /* Frameworks */ = {
			isa = PBXGroup;
			children = (
				72377552FBD2927D89F1EC52 /* Pods_PostLand.framework */,
			);
			name = Frameworks;
			sourceTree = "<group>";
		};
		5BDB040E6215C676266CDDBB /* Pods */ = {
			isa = PBXGroup;
			children = (
				C56CC111ADE927BE13BB9F2E /* Pods-PostLand.debug.xcconfig */,
				5F1F2E824216D80CB52D9BDE /* Pods-PostLand.release.xcconfig */,
			);
			name = Pods;
			sourceTree = "<group>";
		};
		84D756BC1E2A3C1100D15091 /* Model */ = {
			isa = PBXGroup;
			children = (
				84F5EEA31E2A39D400765BA2 /* GoogleService-Info.plist */,
				843708B61E30AF220000B47B /* Post.swift */,
			);
			name = Model;
			sourceTree = "<group>";
		};
		84D756BD1E2A3C1800D15091 /* View */ = {
			isa = PBXGroup;
			children = (
				84D756BF1E2A791D00D15091 /* ShadowFancyView.swift */,
				84D756C41E2A8FEB00D15091 /* RoundButton.swift */,
				84F887171E2B4BF600B87723 /* FancyTextField.swift */,
				84F887191E2B5BD300B87723 /* FancyButtonSignIn.swift */,
				84FC79821E2D3494001B14ED /* CircleImage.swift */,
				84FC79841E2D5725001B14ED /* customCell.swift */,
			);
			name = View;
			sourceTree = "<group>";
		};
		84D756BE1E2A3C1E00D15091 /* Controller */ = {
			isa = PBXGroup;
			children = (
				84F5EE931E2A39BD00765BA2 /* SignInVC.swift */,
				84FC79801E2CEBE6001B14ED /* FeedVC.swift */,
			);
			name = Controller;
			sourceTree = "<group>";
		};
		84D756C11E2A846500D15091 /* Utils */ = {
			isa = PBXGroup;
			children = (
				84D756C21E2A847F00D15091 /* Constants.swift */,
			);
			name = Utils;
			sourceTree = "<group>";
		};
		84F5EE851E2A39BC00765BA2 = {
			isa = PBXGroup;
			children = (
				84F5EE901E2A39BD00765BA2 /* PostLand */,
				84F5EE8F1E2A39BD00765BA2 /* Products */,
				5BDB040E6215C676266CDDBB /* Pods */,
				3E78C5470367447ECEDC37E7 /* Frameworks */,
			);
			sourceTree = "<group>";
		};
		84F5EE8F1E2A39BD00765BA2 /* Products */ = {
			isa = PBXGroup;
			children = (
				84F5EE8E1E2A39BD00765BA2 /* PostLand.app */,
			);
			name = Products;
			sourceTree = "<group>";
		};
		84F5EE901E2A39BD00765BA2 /* PostLand */ = {
			isa = PBXGroup;
			children = (
				84FC79861E2E1792001B14ED /* Services */,
				84D756C11E2A846500D15091 /* Utils */,
				84D756BC1E2A3C1100D15091 /* Model */,
				84D756BD1E2A3C1800D15091 /* View */,
				84D756BE1E2A3C1E00D15091 /* Controller */,
				84F5EE911E2A39BD00765BA2 /* AppDelegate.swift */,
				84F5EE951E2A39BD00765BA2 /* Main.storyboard */,
				84F5EE981E2A39BD00765BA2 /* Assets.xcassets */,
				84F5EE9A1E2A39BD00765BA2 /* LaunchScreen.storyboard */,
				84F5EE9D1E2A39BD00765BA2 /* Info.plist */,
			);
			path = PostLand;
			sourceTree = "<group>";
		};
		84FC79861E2E1792001B14ED /* Services */ = {
			isa = PBXGroup;
			children = (
				84FC79871E2E17C3001B14ED /* DataService.swift */,
			);
			name = Services;
			sourceTree = "<group>";
		};
/* End PBXGroup section */

/* Begin PBXNativeTarget section */
		84F5EE8D1E2A39BD00765BA2 /* PostLand */ = {
			isa = PBXNativeTarget;
			buildConfigurationList = 84F5EEA01E2A39BD00765BA2 /* Build configuration list for PBXNativeTarget "PostLand" */;
			buildPhases = (
				2F1BAB8490AFCF9E3D1755EC /* [CP] Check Pods Manifest.lock */,
				84F5EE8A1E2A39BD00765BA2 /* Sources */,
				84F5EE8B1E2A39BD00765BA2 /* Frameworks */,
				84F5EE8C1E2A39BD00765BA2 /* Resources */,
				629A21AF00F17C4D8C23621D /* [CP] Embed Pods Frameworks */,
				C321999C83348EB541779CCB /* [CP] Copy Pods Resources */,
			);
			buildRules = (
			);
			dependencies = (
			);
			name = PostLand;
			productName = PostLand;
			productReference = 84F5EE8E1E2A39BD00765BA2 /* PostLand.app */;
			productType = "com.apple.product-type.application";
		};
/* End PBXNativeTarget section */

/* Begin PBXProject section */
		84F5EE861E2A39BC00765BA2 /* Project object */ = {
			isa = PBXProject;
			attributes = {
				LastSwiftUpdateCheck = 0820;
				LastUpgradeCheck = 0820;
				ORGANIZATIONNAME = Admin;
				TargetAttributes = {
					84F5EE8D1E2A39BD00765BA2 = {
						CreatedOnToolsVersion = 8.2.1;
						DevelopmentTeam = 2N9XYF2HJD;
						ProvisioningStyle = Automatic;
					};
				};
			};
			buildConfigurationList = 84F5EE891E2A39BC00765BA2 /* Build configuration list for PBXProject "PostLand" */;
			compatibilityVersion = "Xcode 3.2";
			developmentRegion = English;
			hasScannedForEncodings = 0;
			knownRegions = (
				en,
				Base,
			);
			mainGroup = 84F5EE851E2A39BC00765BA2;
			productRefGroup = 84F5EE8F1E2A39BD00765BA2 /* Products */;
			projectDirPath = "";
			projectRoot = "";
			targets = (
				84F5EE8D1E2A39BD00765BA2 /* PostLand */,
			);
		};
/* End PBXProject section */

/* Begin PBXResourcesBuildPhase section */
		84F5EE8C1E2A39BD00765BA2 /* Resources */ = {
			isa = PBXResourcesBuildPhase;
			buildActionMask = 2147483647;
			files = (
				84F5EE9C1E2A39BD00765BA2 /* LaunchScreen.storyboard in Resources */,
				84F5EEA41E2A39D400765BA2 /* GoogleService-Info.plist in Resources */,
				84F5EE991E2A39BD00765BA2 /* Assets.xcassets in Resources */,
				84F5EE971E2A39BD00765BA2 /* Main.storyboard in Resources */,
			);
			runOnlyForDeploymentPostprocessing = 0;
		};
/* End PBXResourcesBuildPhase section */

/* Begin PBXShellScriptBuildPhase section */
		2F1BAB8490AFCF9E3D1755EC /* [CP] Check Pods Manifest.lock */ = {
			isa = PBXShellScriptBuildPhase;
			buildActionMask = 2147483647;
			files = (
			);
			inputPaths = (
			);
			name = "[CP] Check Pods Manifest.lock";
			outputPaths = (
			);
			runOnlyForDeploymentPostprocessing = 0;
			shellPath = /bin/sh;
			shellScript = "diff \"${PODS_ROOT}/../Podfile.lock\" \"${PODS_ROOT}/Manifest.lock\" > /dev/null\nif [ $? != 0 ] ; then\n    # print error to STDERR\n    echo \"error: The sandbox is not in sync with the Podfile.lock. Run 'pod install' or update your CocoaPods installation.\" >&2\n    exit 1\nfi\n";
			showEnvVarsInLog = 0;
		};
		629A21AF00F17C4D8C23621D /* [CP] Embed Pods Frameworks */ = {
			isa = PBXShellScriptBuildPhase;
			buildActionMask = 2147483647;
			files = (
			);
			inputPaths = (
			);
			name = "[CP] Embed Pods Frameworks";
			outputPaths = (
			);
			runOnlyForDeploymentPostprocessing = 0;
			shellPath = /bin/sh;
			shellScript = "\"${SRCROOT}/Pods/Target Support Files/Pods-PostLand/Pods-PostLand-frameworks.sh\"\n";
			showEnvVarsInLog = 0;
		};
		C321999C83348EB541779CCB /* [CP] Copy Pods Resources */ = {
			isa = PBXShellScriptBuildPhase;
			buildActionMask = 2147483647;
			files = (
			);
			inputPaths = (
			);
			name = "[CP] Copy Pods Resources";
			outputPaths = (
			);
			runOnlyForDeploymentPostprocessing = 0;
			shellPath = /bin/sh;
			shellScript = "\"${SRCROOT}/Pods/Target Support Files/Pods-PostLand/Pods-PostLand-resources.sh\"\n";
			showEnvVarsInLog = 0;
		};
/* End PBXShellScriptBuildPhase section */

/* Begin PBXSourcesBuildPhase section */
		84F5EE8A1E2A39BD00765BA2 /* Sources */ = {
			isa = PBXSourcesBuildPhase;
			buildActionMask = 2147483647;
			files = (
				84F5EE941E2A39BD00765BA2 /* SignInVC.swift in Sources */,
				84D756C51E2A8FEB00D15091 /* RoundButton.swift in Sources */,
				84FC79851E2D5725001B14ED /* customCell.swift in Sources */,
				843708B71E30AF220000B47B /* Post.swift in Sources */,
				84F8871A1E2B5BD300B87723 /* FancyButtonSignIn.swift in Sources */,
				84D756C01E2A791D00D15091 /* ShadowFancyView.swift in Sources */,
				84FC79881E2E17C3001B14ED /* DataService.swift in Sources */,
				84FC79811E2CEBE6001B14ED /* FeedVC.swift in Sources */,
				84FC79831E2D3494001B14ED /* CircleImage.swift in Sources */,
				84F887181E2B4BF600B87723 /* FancyTextField.swift in Sources */,
				84F5EE921E2A39BD00765BA2 /* AppDelegate.swift in Sources */,
				84D756C31E2A847F00D15091 /* Constants.swift in Sources */,
			);
			runOnlyForDeploymentPostprocessing = 0;
		};
/* End PBXSourcesBuildPhase section */

/* Begin PBXVariantGroup section */
		84F5EE951E2A39BD00765BA2 /* Main.storyboard */ = {
			isa = PBXVariantGroup;
			children = (
				84F5EE961E2A39BD00765BA2 /* Base */,
			);
			name = Main.storyboard;
			sourceTree = "<group>";
		};
		84F5EE9A1E2A39BD00765BA2 /* LaunchScreen.storyboard */ = {
			isa = PBXVariantGroup;
			children = (
				84F5EE9B1E2A39BD00765BA2 /* Base */,
			);
			name = LaunchScreen.storyboard;
			sourceTree = "<group>";
		};
/* End PBXVariantGroup section */

/* Begin XCBuildConfiguration section */
		84F5EE9E1E2A39BD00765BA2 /* Debug */ = {
			isa = XCBuildConfiguration;
			buildSettings = {
				ALWAYS_SEARCH_USER_PATHS = NO;
				CLANG_ANALYZER_NONNULL = YES;
				CLANG_CXX_LANGUAGE_STANDARD = "gnu++0x";
				CLANG_CXX_LIBRARY = "libc++";
				CLANG_ENABLE_MODULES = YES;
				CLANG_ENABLE_OBJC_ARC = YES;
				CLANG_WARN_BOOL_CONVERSION = YES;
				CLANG_WARN_CONSTANT_CONVERSION = YES;
				CLANG_WARN_DIRECT_OBJC_ISA_USAGE = YES_ERROR;
				CLANG_WARN_DOCUMENTATION_COMMENTS = YES;
				CLANG_WARN_EMPTY_BODY = YES;
				CLANG_WARN_ENUM_CONVERSION = YES;
				CLANG_WARN_INFINITE_RECURSION = YES;
				CLANG_WARN_INT_CONVERSION = YES;
				CLANG_WARN_OBJC_ROOT_CLASS = YES_ERROR;
				CLANG_WARN_SUSPICIOUS_MOVE = YES;
				CLANG_WARN_UNREACHABLE_CODE = YES;
				CLANG_WARN__DUPLICATE_METHOD_MATCH = YES;
				"CODE_SIGN_IDENTITY[sdk=iphoneos*]" = "iPhone Developer";
				COPY_PHASE_STRIP = NO;
				DEBUG_INFORMATION_FORMAT = dwarf;
				ENABLE_STRICT_OBJC_MSGSEND = YES;
				ENABLE_TESTABILITY = YES;
				GCC_C_LANGUAGE_STANDARD = gnu99;
				GCC_DYNAMIC_NO_PIC = NO;
				GCC_NO_COMMON_BLOCKS = YES;
				GCC_OPTIMIZATION_LEVEL = 0;
				GCC_PREPROCESSOR_DEFINITIONS = (
					"DEBUG=1",
					"$(inherited)",
				);
				GCC_WARN_64_TO_32_BIT_CONVERSION = YES;
				GCC_WARN_ABOUT_RETURN_TYPE = YES_ERROR;
				GCC_WARN_UNDECLARED_SELECTOR = YES;
				GCC_WARN_UNINITIALIZED_AUTOS = YES_AGGRESSIVE;
				GCC_WARN_UNUSED_FUNCTION = YES;
				GCC_WARN_UNUSED_VARIABLE = YES;
				IPHONEOS_DEPLOYMENT_TARGET = 10.2;
				MTL_ENABLE_DEBUG_INFO = YES;
				ONLY_ACTIVE_ARCH = YES;
				SDKROOT = iphoneos;
				SWIFT_ACTIVE_COMPILATION_CONDITIONS = DEBUG;
				SWIFT_OPTIMIZATION_LEVEL = "-Onone";
				TARGETED_DEVICE_FAMILY = "1,2";
			};
			name = Debug;
		};
		84F5EE9F1E2A39BD00765BA2 /* Release */ = {
			isa = XCBuildConfiguration;
			buildSettings = {
				ALWAYS_SEARCH_USER_PATHS = NO;
				CLANG_ANALYZER_NONNULL = YES;
				CLANG_CXX_LANGUAGE_STANDARD = "gnu++0x";
				CLANG_CXX_LIBRARY = "libc++";
				CLANG_ENABLE_MODULES = YES;
				CLANG_ENABLE_OBJC_ARC = YES;
				CLANG_WARN_BOOL_CONVERSION = YES;
				CLANG_WARN_CONSTANT_CONVERSION = YES;
				CLANG_WARN_DIRECT_OBJC_ISA_USAGE = YES_ERROR;
				CLANG_WARN_DOCUMENTATION_COMMENTS = YES;
				CLANG_WARN_EMPTY_BODY = YES;
				CLANG_WARN_ENUM_CONVERSION = YES;
				CLANG_WARN_INFINITE_RECURSION = YES;
				CLANG_WARN_INT_CONVERSION = YES;
				CLANG_WARN_OBJC_ROOT_CLASS = YES_ERROR;
				CLANG_WARN_SUSPICIOUS_MOVE = YES;
				CLANG_WARN_UNREACHABLE_CODE = YES;
				CLANG_WARN__DUPLICATE_METHOD_MATCH = YES;
				"CODE_SIGN_IDENTITY[sdk=iphoneos*]" = "iPhone Developer";
				COPY_PHASE_STRIP = NO;
				DEBUG_INFORMATION_FORMAT = "dwarf-with-dsym";
				ENABLE_NS_ASSERTIONS = NO;
				ENABLE_STRICT_OBJC_MSGSEND = YES;
				GCC_C_LANGUAGE_STANDARD = gnu99;
				GCC_NO_COMMON_BLOCKS = YES;
				GCC_WARN_64_TO_32_BIT_CONVERSION = YES;
				GCC_WARN_ABOUT_RETURN_TYPE = YES_ERROR;
				GCC_WARN_UNDECLARED_SELECTOR = YES;
				GCC_WARN_UNINITIALIZED_AUTOS = YES_AGGRESSIVE;
				GCC_WARN_UNUSED_FUNCTION = YES;
				GCC_WARN_UNUSED_VARIABLE = YES;
				IPHONEOS_DEPLOYMENT_TARGET = 10.2;
				MTL_ENABLE_DEBUG_INFO = NO;
				SDKROOT = iphoneos;
				SWIFT_OPTIMIZATION_LEVEL = "-Owholemodule";
				TARGETED_DEVICE_FAMILY = "1,2";
				VALIDATE_PRODUCT = YES;
			};
			name = Release;
		};
		84F5EEA11E2A39BD00765BA2 /* Debug */ = {
			isa = XCBuildConfiguration;
			baseConfigurationReference = C56CC111ADE927BE13BB9F2E /* Pods-PostLand.debug.xcconfig */;
			buildSettings = {
				ALWAYS_EMBED_SWIFT_STANDARD_LIBRARIES = YES;
				ASSETCATALOG_COMPILER_APPICON_NAME = AppIcon;
				DEVELOPMENT_TEAM = 2N9XYF2HJD;
				INFOPLIST_FILE = PostLand/Info.plist;
				LD_RUNPATH_SEARCH_PATHS = "$(inherited) @executable_path/Frameworks";
				PRODUCT_BUNDLE_IDENTIFIER = com.freewill.PostLand;
				PRODUCT_NAME = "$(TARGET_NAME)";
				SWIFT_VERSION = 3.0;
			};
			name = Debug;
		};
		84F5EEA21E2A39BD00765BA2 /* Release */ = {
			isa = XCBuildConfiguration;
			baseConfigurationReference = 5F1F2E824216D80CB52D9BDE /* Pods-PostLand.release.xcconfig */;
			buildSettings = {
				ALWAYS_EMBED_SWIFT_STANDARD_LIBRARIES = YES;
				ASSETCATALOG_COMPILER_APPICON_NAME = AppIcon;
				DEVELOPMENT_TEAM = 2N9XYF2HJD;
				INFOPLIST_FILE = PostLand/Info.plist;
				LD_RUNPATH_SEARCH_PATHS = "$(inherited) @executable_path/Frameworks";
				PRODUCT_BUNDLE_IDENTIFIER = com.freewill.PostLand;
				PRODUCT_NAME = "$(TARGET_NAME)";
				SWIFT_VERSION = 3.0;
			};
			name = Release;
		};
/* End XCBuildConfiguration section */

/* Begin XCConfigurationList section */
		84F5EE891E2A39BC00765BA2 /* Build configuration list for PBXProject "PostLand" */ = {
			isa = XCConfigurationList;
			buildConfigurations = (
				84F5EE9E1E2A39BD00765BA2 /* Debug */,
				84F5EE9F1E2A39BD00765BA2 /* Release */,
			);
			defaultConfigurationIsVisible = 0;
			defaultConfigurationName = Release;
		};
		84F5EEA01E2A39BD00765BA2 /* Build configuration list for PBXNativeTarget "PostLand" */ = {
			isa = XCConfigurationList;
			buildConfigurations = (
				84F5EEA11E2A39BD00765BA2 /* Debug */,
				84F5EEA21E2A39BD00765BA2 /* Release */,
			);
			defaultConfigurationIsVisible = 0;
			defaultConfigurationName = Release;
		};
/* End XCConfigurationList section */
	};
	rootObject = 84F5EE861E2A39BC00765BA2 /* Project object */;
}
